{
  "name": "qpcr-reference-importer",
  "lockfileVersion": 3,
  "requires": true,
  "packages": {
    "": {
      "name": "qpcr-reference-importer",
      "dependencies": {
        "@gmod/gff": "2.1.0",
        "@gmod/vcf": "7.2.0"
      }
    },
    "node_modules/@gmod/gff": {
      "version": "2.1.0",
      "resolved": "https://registry.npmjs.org/@gmod/gff/-/gff-2.1.0.tgz",
      "integrity": "sha512-X2iOhNBHjr0Nh/xKksNad7YzUhBtq34PhU8csE10EVGOQqAwrDjKNxIJfPOb4cQAZ5FiGYqogmvA/TICMEfJMA==",
      "license": "MIT",
      "engines": {
        "node": ">=18"
      }
    },
    "node_modules/@gmod/vcf": {
      "version": "7.2.0",
      "resolved": "https://registry.npmjs.org/@gmod/vcf/-/vcf-7.2.0.tgz",
      "integrity": "sha512-F5uZ3j1hzpEBtPppveZt+ngJ/6CbGy9wfqNdExBQ6h853ABr/2mOWnuuq5Uv5ekslhQEgxWr0+r9z0JSZU596w==",
      "license": "MIT"
    }
  }
}
